
Microsoft Visual Studio Solution File, Format Version 12.00
# Visual Studio Version 16
VisualStudioVersion = 16.0.30320.27
MinimumVisualStudioVersion = 10.0.40219.1
Project("{9A19103F-16F7-4668-BE54-9A1E7A4F7556}") = "DevIO.Data", "src\DevIO.Data\DevIO.Data.csproj", "{C23F673A-09A8-4945-A597-018E6F058680}"
EndProject
Project("{9A19103F-16F7-4668-BE54-9A1E7A4F7556}") = "DevIO.Business", "src\DevIO.Business\DevIO.Business.csproj", "{FADD2809-27B2-46D6-850C-5EFD9C1BE079}"
EndProject
Global
	GlobalSection(SolutionConfigurationPlatforms) = preSolution
		Debug|Any CPU = Debug|Any CPU
		Release|Any CPU = Release|Any CPU
	EndGlobalSection
	GlobalSection(ProjectConfigurationPlatforms) = postSolution
		{C23F673A-09A8-4945-A597-018E6F058680}.Debug|Any CPU.ActiveCfg = Debug|Any CPU
		{C23F673A-09A8-4945-A597-018E6F058680}.Debug|Any CPU.Build.0 = Debug|Any CPU
		{C23F673A-09A8-4945-A597-018E6F058680}.Release|Any CPU.ActiveCfg = Release|Any CPU
		{C23F673A-09A8-4945-A597-018E6F058680}.Release|Any CPU.Build.0 = Release|Any CPU
		{FADD2809-27B2-46D6-850C-5EFD9C1BE079}.Debug|Any CPU.ActiveCfg = Debug|Any CPU
		{FADD2809-27B2-46D6-850C-5EFD9C1BE079}.Debug|Any CPU.Build.0 = Debug|Any CPU
		{FADD2809-27B2-46D6-850C-5EFD9C1BE079}.Release|Any CPU.ActiveCfg = Release|Any CPU
		{FADD2809-27B2-46D6-850C-5EFD9C1BE079}.Release|Any CPU.Build.0 = Release|Any CPU
	EndGlobalSection
	GlobalSection(SolutionProperties) = preSolution
		HideSolutionNode = FALSE
	EndGlobalSection
	GlobalSection(ExtensibilityGlobals) = postSolution
		SolutionGuid = {2DF13B86-C6E4-4DAB-865D-40AD036BB58F}
	EndGlobalSection
EndGlobal
